// !$*UTF8*$!
{
	archiveVersion = 1;
	classes = {
	};
	objectVersion = 46;
	objects = {

/* Begin PBXBuildFile section */
		32C9367A1AAA58AB0071FB94 /* AppDelegate.swift in Sources */ = {isa = PBXBuildFile; fileRef = 32C936791AAA58AB0071FB94 /* AppDelegate.swift */; };
		32C9367C1AAA58AB0071FB94 /* ViewController.swift in Sources */ = {isa = PBXBuildFile; fileRef = 32C9367B1AAA58AB0071FB94 /* ViewController.swift */; };
		32C9367F1AAA58AB0071FB94 /* Main.storyboard in Resources */ = {isa = PBXBuildFile; fileRef = 32C9367D1AAA58AB0071FB94 /* Main.storyboard */; };
		32C936811AAA58AB0071FB94 /* Images.xcassets in Resources */ = {isa = PBXBuildFile; fileRef = 32C936801AAA58AB0071FB94 /* Images.xcassets */; };
		32C936841AAA58AB0071FB94 /* LaunchScreen.xib in Resources */ = {isa = PBXBuildFile; fileRef = 32C936821AAA58AB0071FB94 /* LaunchScreen.xib */; };
		32C936901AAA58AB0071FB94 /* WordCloudTests.swift in Sources */ = {isa = PBXBuildFile; fileRef = 32C9368F1AAA58AB0071FB94 /* WordCloudTests.swift */; };
/* End PBXBuildFile section */

/* Begin PBXContainerItemProxy section */
		32C9368A1AAA58AB0071FB94 /* PBXContainerItemProxy */ = {
			isa = PBXContainerItemProxy;
			containerPortal = 32C9366C1AAA58AB0071FB94 /* Project object */;
			proxyType = 1;
			remoteGlobalIDString = 32C936731AAA58AB0071FB94;
			remoteInfo = WordCloud;
		};
/* End PBXContainerItemProxy section */

/* Begin PBXFileReference section */
		32C936741AAA58AB0071FB94 /* WordCloud.app */ = {isa = PBXFileReference; explicitFileType = wrapper.application; includeInIndex = 0; path = WordCloud.app; sourceTree = BUILT_PRODUCTS_DIR; };
		32C936781AAA58AB0071FB94 /* Info.plist */ = {isa = PBXFileReference; lastKnownFileType = text.plist.xml; path = Info.plist; sourceTree = "<group>"; };
		32C936791AAA58AB0071FB94 /* AppDelegate.swift */ = {isa = PBXFileReference; lastKnownFileType = sourcecode.swift; path = AppDelegate.swift; sourceTree = "<group>"; };
		32C9367B1AAA58AB0071FB94 /* ViewController.swift */ = {isa = PBXFileReference; lastKnownFileType = sourcecode.swift; path = ViewController.swift; sourceTree = "<group>"; };
		32C9367E1AAA58AB0071FB94 /* Base */ = {isa = PBXFileReference; lastKnownFileType = file.storyboard; name = Base; path = Base.lproj/Main.storyboard; sourceTree = "<group>"; };
		32C936801AAA58AB0071FB94 /* Images.xcassets */ = {isa = PBXFileReference; lastKnownFileType = folder.assetcatalog; path = Images.xcassets; sourceTree = "<group>"; };
		32C936831AAA58AB0071FB94 /* Base */ = {isa = PBXFileReference; lastKnownFileType = file.xib; name = Base; path = Base.lproj/LaunchScreen.xib; sourceTree = "<group>"; };
		32C936891AAA58AB0071FB94 /* WordCloudTests.xctest */ = {isa = PBXFileReference; explicitFileType = wrapper.cfbundle; includeInIndex = 0; path = WordCloudTests.xctest; sourceTree = BUILT_PRODUCTS_DIR; };
		32C9368E1AAA58AB0071FB94 /* Info.plist */ = {isa = PBXFileReference; lastKnownFileType = text.plist.xml; path = Info.plist; sourceTree = "<group>"; };
		32C9368F1AAA58AB0071FB94 /* WordCloudTests.swift */ = {isa = PBXFileReference; lastKnownFileType = sourcecode.swift; path = WordCloudTests.swift; sourceTree = "<group>"; };
/* End PBXFileReference section */

/* Begin PBXFrameworksBuildPhase section */
		32C936711AAA58AB0071FB94 /* Frameworks */ = {
			isa = PBXFrameworksBuildPhase;
			buildActionMask = 2147483647;
			files = (
			);
			runOnlyForDeploymentPostprocessing = 0;
		};
		32C936861AAA58AB0071FB94 /* Frameworks */ = {
			isa = PBXFrameworksBuildPhase;
			buildActionMask = 2147483647;
			files = (
			);
			runOnlyForDeploymentPostprocessing = 0;
		};
/* End PBXFrameworksBuildPhase section */

/* Begin PBXGroup section */
		32C9366B1AAA58AB0071FB94 = {
			isa = PBXGroup;
			children = (
				32C936761AAA58AB0071FB94 /* WordCloud */,
				32C9368C1AAA58AB0071FB94 /* WordCloudTests */,
				32C936751AAA58AB0071FB94 /* Products */,
			);
			sourceTree = "<group>";
		};
		32C936751AAA58AB0071FB94 /* Products */ = {
			isa = PBXGroup;
			children = (
				32C936741AAA58AB0071FB94 /* WordCloud.app */,
				32C936891AAA58AB0071FB94 /* WordCloudTests.xctest */,
			);
			name = Products;
			sourceTree = "<group>";
		};
		32C936761AAA58AB0071FB94 /* WordCloud */ = {
			isa = PBXGroup;
			children = (
				32C936791AAA58AB0071FB94 /* AppDelegate.swift */,
				32C9367B1AAA58AB0071FB94 /* ViewController.swift */,
				32C9367D1AAA58AB0071FB94 /* Main.storyboard */,
				32C936801AAA58AB0071FB94 /* Images.xcassets */,
				32C936821AAA58AB0071FB94 /* LaunchScreen.xib */,
				32C936771AAA58AB0071FB94 /* Supporting Files */,
			);
			path = WordCloud;
			sourceTree = "<group>";
		};
		32C936771AAA58AB0071FB94 /* Supporting Files */ = {
			isa = PBXGroup;
			children = (
				32C936781AAA58AB0071FB94 /* Info.plist */,
			);
			name = "Supporting Files";
			sourceTree = "<group>";
		};
		32C9368C1AAA58AB0071FB94 /* WordCloudTests */ = {
			isa = PBXGroup;
			children = (
				32C9368F1AAA58AB0071FB94 /* WordCloudTests.swift */,
				32C9368D1AAA58AB0071FB94 /* Supporting Files */,
			);
			path = WordCloudTests;
			sourceTree = "<group>";
		};
		32C9368D1AAA58AB0071FB94 /* Supporting Files */ = {
			isa = PBXGroup;
			children = (
				32C9368E1AAA58AB0071FB94 /* Info.plist */,
			);
			name = "Supporting Files";
			sourceTree = "<group>";
		};
/* End PBXGroup section */

/* Begin PBXNativeTarget section */
		32C936731AAA58AB0071FB94 /* WordCloud */ = {
			isa = PBXNativeTarget;
			buildConfigurationList = 32C936931AAA58AB0071FB94 /* Build configuration list for PBXNativeTarget "WordCloud" */;
			buildPhases = (
				32C936701AAA58AB0071FB94 /* Sources */,
				32C936711AAA58AB0071FB94 /* Frameworks */,
				32C936721AAA58AB0071FB94 /* Resources */,
			);
			buildRules = (
			);
			dependencies = (
			);
			name = WordCloud;
			productName = WordCloud;
			productReference = 32C936741AAA58AB0071FB94 /* WordCloud.app */;
			productType = "com.apple.product-type.application";
		};
		32C936881AAA58AB0071FB94 /* WordCloudTests */ = {
			isa = PBXNativeTarget;
			buildConfigurationList = 32C936961AAA58AB0071FB94 /* Build configuration list for PBXNativeTarget "WordCloudTests" */;
			buildPhases = (
				32C936851AAA58AB0071FB94 /* Sources */,
				32C936861AAA58AB0071FB94 /* Frameworks */,
				32C936871AAA58AB0071FB94 /* Resources */,
			);
			buildRules = (
			);
			dependencies = (
				32C9368B1AAA58AB0071FB94 /* PBXTargetDependency */,
			);
			name = WordCloudTests;
			productName = WordCloudTests;
			productReference = 32C936891AAA58AB0071FB94 /* WordCloudTests.xctest */;
			productType = "com.apple.product-type.bundle.unit-test";
		};
/* End PBXNativeTarget section */

/* Begin PBXProject section */
		32C9366C1AAA58AB0071FB94 /* Project object */ = {
			isa = PBXProject;
			attributes = {
				LastUpgradeCheck = 0610;
				ORGANIZATIONNAME = md;
				TargetAttributes = {
					32C936731AAA58AB0071FB94 = {
						CreatedOnToolsVersion = 6.1.1;
					};
					32C936881AAA58AB0071FB94 = {
						CreatedOnToolsVersion = 6.1.1;
						TestTargetID = 32C936731AAA58AB0071FB94;
					};
				};
			};
			buildConfigurationList = 32C9366F1AAA58AB0071FB94 /* Build configuration list for PBXProject "WordCloud" */;
			compatibilityVersion = "Xcode 3.2";
			developmentRegion = English;
			hasScannedForEncodings = 0;
			knownRegions = (
				en,
				Base,
			);
			mainGroup = 32C9366B1AAA58AB0071FB94;
			productRefGroup = 32C936751AAA58AB0071FB94 /* Products */;
			projectDirPath = "";
			projectRoot = "";
			targets = (
				32C936731AAA58AB0071FB94 /* WordCloud */,
				32C936881AAA58AB0071FB94 /* WordCloudTests */,
			);
		};
/* End PBXProject section */

/* Begin PBXResourcesBuildPhase section */
		32C936721AAA58AB0071FB94 /* Resources */ = {
			isa = PBXResourcesBuildPhase;
			buildActionMask = 2147483647;
			files = (
				32C9367F1AAA58AB0071FB94 /* Main.storyboard in Resources */,
				32C936841AAA58AB0071FB94 /* LaunchScreen.xib in Resources */,
				32C936811AAA58AB0071FB94 /* Images.xcassets in Resources */,
			);
			runOnlyForDeploymentPostprocessing = 0;
		};
		32C936871AAA58AB0071FB94 /* Resources */ = {
			isa = PBXResourcesBuildPhase;
			buildActionMask = 2147483647;
			files = (
			);
			runOnlyForDeploymentPostprocessing = 0;
		};
/* End PBXResourcesBuildPhase section */

/* Begin PBXSourcesBuildPhase section */
		32C936701AAA58AB0071FB94 /* Sources */ = {
			isa = PBXSourcesBuildPhase;
			buildActionMask = 2147483647;
			files = (
				32C9367C1AAA58AB0071FB94 /* ViewController.swift in Sources */,
				32C9367A1AAA58AB0071FB94 /* AppDelegate.swift in Sources */,
			);
			runOnlyForDeploymentPostprocessing = 0;
		};
		32C936851AAA58AB0071FB94 /* Sources */ = {
			isa = PBXSourcesBuildPhase;
			buildActionMask = 2147483647;
			files = (
				32C936901AAA58AB0071FB94 /* WordCloudTests.swift in Sources */,
			);
			runOnlyForDeploymentPostprocessing = 0;
		};
/* End PBXSourcesBuildPhase section */

/* Begin PBXTargetDependency section */
		32C9368B1AAA58AB0071FB94 /* PBXTargetDependency */ = {
			isa = PBXTargetDependency;
			target = 32C936731AAA58AB0071FB94 /* WordCloud */;
			targetProxy = 32C9368A1AAA58AB0071FB94 /* PBXContainerItemProxy */;
		};
/* End PBXTargetDependency section */

/* Begin PBXVariantGroup section */
		32C9367D1AAA58AB0071FB94 /* Main.storyboard */ = {
			isa = PBXVariantGroup;
			children = (
				32C9367E1AAA58AB0071FB94 /* Base */,
			);
			name = Main.storyboard;
			sourceTree = "<group>";
		};
		32C936821AAA58AB0071FB94 /* LaunchScreen.xib */ = {
			isa = PBXVariantGroup;
			children = (
				32C936831AAA58AB0071FB94 /* Base */,
			);
			name = LaunchScreen.xib;
			sourceTree = "<group>";
		};
/* End PBXVariantGroup section */

/* Begin XCBuildConfiguration section */
		32C936911AAA58AB0071FB94 /* Debug */ = {
			isa = XCBuildConfiguration;
			buildSettings = {
				ALWAYS_SEARCH_USER_PATHS = NO;
				CLANG_CXX_LANGUAGE_STANDARD = "gnu++0x";
				CLANG_CXX_LIBRARY = "libc++";
				CLANG_ENABLE_MODULES = YES;
				CLANG_ENABLE_OBJC_ARC = YES;
				CLANG_WARN_BOOL_CONVERSION = YES;
				CLANG_WARN_CONSTANT_CONVERSION = YES;
				CLANG_WARN_DIRECT_OBJC_ISA_USAGE = YES_ERROR;
				CLANG_WARN_EMPTY_BODY = YES;
				CLANG_WARN_ENUM_CONVERSION = YES;
				CLANG_WARN_INT_CONVERSION = YES;
				CLANG_WARN_OBJC_ROOT_CLASS = YES_ERROR;
				CLANG_WARN_UNREACHABLE_CODE = YES;
				CLANG_WARN__DUPLICATE_METHOD_MATCH = YES;
				"CODE_SIGN_IDENTITY[sdk=iphoneos*]" = "iPhone Developer";
				COPY_PHASE_STRIP = NO;
				ENABLE_STRICT_OBJC_MSGSEND = YES;
				GCC_C_LANGUAGE_STANDARD = gnu99;
				GCC_DYNAMIC_NO_PIC = NO;
				GCC_OPTIMIZATION_LEVEL = 0;
				GCC_PREPROCESSOR_DEFINITIONS = (
					"DEBUG=1",
					"$(inherited)",
				);
				GCC_SYMBOLS_PRIVATE_EXTERN = NO;
				GCC_WARN_64_TO_32_BIT_CONVERSION = YES;
				GCC_WARN_ABOUT_RETURN_TYPE = YES_ERROR;
				GCC_WARN_UNDECLARED_SELECTOR = YES;
				GCC_WARN_UNINITIALIZED_AUTOS = YES_AGGRESSIVE;
				GCC_WARN_UNUSED_FUNCTION = YES;
				GCC_WARN_UNUSED_VARIABLE = YES;
				IPHONEOS_DEPLOYMENT_TARGET = 8.1;
				MTL_ENABLE_DEBUG_INFO = YES;
				ONLY_ACTIVE_ARCH = YES;
				SDKROOT = iphoneos;
				SWIFT_OPTIMIZATION_LEVEL = "-Onone";
			};
			name = Debug;
		};
		32C936921AAA58AB0071FB94 /* Release */ = {
			isa = XCBuildConfiguration;
			buildSettings = {
				ALWAYS_SEARCH_USER_PATHS = NO;
				CLANG_CXX_LANGUAGE_STANDARD = "gnu++0x";
				CLANG_CXX_LIBRARY = "libc++";
				CLANG_ENABLE_MODULES = YES;
				CLANG_ENABLE_OBJC_ARC = YES;
				CLANG_WARN_BOOL_CONVERSION = YES;
				CLANG_WARN_CONSTANT_CONVERSION = YES;
				CLANG_WARN_DIRECT_OBJC_ISA_USAGE = YES_ERROR;
				CLANG_WARN_EMPTY_BODY = YES;
				CLANG_WARN_ENUM_CONVERSION = YES;
				CLANG_WARN_INT_CONVERSION = YES;
				CLANG_WARN_OBJC_ROOT_CLASS = YES_ERROR;
				CLANG_WARN_UNREACHABLE_CODE = YES;
				CLANG_WARN__DUPLICATE_METHOD_MATCH = YES;
				"CODE_SIGN_IDENTITY[sdk=iphoneos*]" = "iPhone Developer";
				COPY_PHASE_STRIP = YES;
				ENABLE_NS_ASSERTIONS = NO;
				ENABLE_STRICT_OBJC_MSGSEND = YES;
				GCC_C_LANGUAGE_STANDARD = gnu99;
				GCC_WARN_64_TO_32_BIT_CONVERSION = YES;
				GCC_WARN_ABOUT_RETURN_TYPE = YES_ERROR;
				GCC_WARN_UNDECLARED_SELECTOR = YES;
				GCC_WARN_UNINITIALIZED_AUTOS = YES_AGGRESSIVE;
				GCC_WARN_UNUSED_FUNCTION = YES;
				GCC_WARN_UNUSED_VARIABLE = YES;
				IPHONEOS_DEPLOYMENT_TARGET = 8.1;
				MTL_ENABLE_DEBUG_INFO = NO;
				SDKROOT = iphoneos;
				VALIDATE_PRODUCT = YES;
			};
			name = Release;
		};
		32C936941AAA58AB0071FB94 /* Debug */ = {
			isa = XCBuildConfiguration;
			buildSettings = {
				ASSETCATALOG_COMPILER_APPICON_NAME = AppIcon;
				INFOPLIST_FILE = WordCloud/Info.plist;
				LD_RUNPATH_SEARCH_PATHS = "$(inherited) @executable_path/Frameworks";
				PRODUCT_NAME = "$(TARGET_NAME)";
			};
			name = Debug;
		};
		32C936951AAA58AB0071FB94 /* Release */ = {
			isa = XCBuildConfiguration;
			buildSettings = {
				ASSETCATALOG_COMPILER_APPICON_NAME = AppIcon;
				INFOPLIST_FILE = WordCloud/Info.plist;
				LD_RUNPATH_SEARCH_PATHS = "$(inherited) @executable_path/Frameworks";
				PRODUCT_NAME = "$(TARGET_NAME)";
			};
			name = Release;
		};
		32C936971AAA58AB0071FB94 /* Debug */ = {
			isa = XCBuildConfiguration;
			buildSettings = {
				BUNDLE_LOADER = "$(TEST_HOST)";
				FRAMEWORK_SEARCH_PATHS = (
					"$(SDKROOT)/Developer/Library/Frameworks",
					"$(inherited)",
				);
				GCC_PREPROCESSOR_DEFINITIONS = (
					"DEBUG=1",
					"$(inherited)",
				);
				INFOPLIST_FILE = WordCloudTests/Info.plist;
				LD_RUNPATH_SEARCH_PATHS = "$(inherited) @executable_path/Frameworks @loader_path/Frameworks";
				PRODUCT_NAME = "$(TARGET_NAME)";
				TEST_HOST = "$(BUILT_PRODUCTS_DIR)/WordCloud.app/WordCloud";
			};
			name = Debug;
		};
		32C936981AAA58AB0071FB94 /* Release */ = {
			isa = XCBuildConfiguration;
			buildSettings = {
				BUNDLE_LOADER = "$(TEST_HOST)";
				FRAMEWORK_SEARCH_PATHS = (
					"$(SDKROOT)/Developer/Library/Frameworks",
					"$(inherited)",
				);
				INFOPLIST_FILE = WordCloudTests/Info.plist;
				LD_RUNPATH_SEARCH_PATHS = "$(inherited) @executable_path/Frameworks @loader_path/Frameworks";
				PRODUCT_NAME = "$(TARGET_NAME)";
				TEST_HOST = "$(BUILT_PRODUCTS_DIR)/WordCloud.app/WordCloud";
			};
			name = Release;
		};
/* End XCBuildConfiguration section */

/* Begin XCConfigurationList section */
		32C9366F1AAA58AB0071FB94 /* Build configuration list for PBXProject "WordCloud" */ = {
			isa = XCConfigurationList;
			buildConfigurations = (
				32C936911AAA58AB0071FB94 /* Debug */,
				32C936921AAA58AB0071FB94 /* Release */,
			);
			defaultConfigurationIsVisible = 0;
			defaultConfigurationName = Release;
		};
		32C936931AAA58AB0071FB94 /* Build configuration list for PBXNativeTarget "WordCloud" */ = {
			isa = XCConfigurationList;
			buildConfigurations = (
				32C936941AAA58AB0071FB94 /* Debug */,
				32C936951AAA58AB0071FB94 /* Release */,
			);
			defaultConfigurationIsVisible = 0;
		};
		32C936961AAA58AB0071FB94 /* Build configuration list for PBXNativeTarget "WordCloudTests" */ = {
			isa = XCConfigurationList;
			buildConfigurations = (
				32C936971AAA58AB0071FB94 /* Debug */,
				32C936981AAA58AB0071FB94 /* Release */,
			);
			defaultConfigurationIsVisible = 0;
		};
/* End XCConfigurationList section */
	};
	rootObject = 32C9366C1AAA58AB0071FB94 /* Project object */;
}
